
Microsoft Visual Studio Solution File, Format Version 12.00
# Visual Studio Version 17
VisualStudioVersion = 17.4.33213.308
MinimumVisualStudioVersion = 10.0.40219.1
Project("{FAE04EC0-301F-11D3-BF4B-00C04F79EFBC}") = "WebApplication3", "WebApplication3.csproj", "{A1B3B6C3-CC8D-422D-899F-3E36AF8399BB}"
EndProject
Global
	GlobalSection(SolutionConfigurationPlatforms) = preSolution
		Debug|Any CPU = Debug|Any CPU
		Release|Any CPU = Release|Any CPU
	EndGlobalSection
	GlobalSection(ProjectConfigurationPlatforms) = postSolution
		{A1B3B6C3-CC8D-422D-899F-3E36AF8399BB}.Debug|Any CPU.ActiveCfg = Debug|Any CPU
		{A1B3B6C3-CC8D-422D-899F-3E36AF8399BB}.Debug|Any CPU.Build.0 = Debug|Any CPU
		{A1B3B6C3-CC8D-422D-899F-3E36AF8399BB}.Release|Any CPU.ActiveCfg = Release|Any CPU
		{A1B3B6C3-CC8D-422D-899F-3E36AF8399BB}.Release|Any CPU.Build.0 = Release|Any CPU
	EndGlobalSection
	GlobalSection(SolutionProperties) = preSolution
		HideSolutionNode = FALSE
	EndGlobalSection
	GlobalSection(ExtensibilityGlobals) = postSolution
		SolutionGuid = {953ABE7B-3F3C-410A-B124-7DB01421B1ED}
	EndGlobalSection
EndGlobal
